
Microsoft Visual Studio Solution File, Format Version 12.00
# Visual Studio Version 17
VisualStudioVersion = 17.7.34031.279
MinimumVisualStudioVersion = 10.0.40219.1
Project("{FAE04EC0-301F-11D3-BF4B-00C04F79EFBC}") = "BlueStarMVC", "BlueStarMVC\BlueStarMVC.csproj", "{970A3119-5998-4177-BC8C-89462DAAA9EC}"
EndProject
Global
	GlobalSection(SolutionConfigurationPlatforms) = preSolution
		Debug|Any CPU = Debug|Any CPU
		Release|Any CPU = Release|Any CPU
	EndGlobalSection
	GlobalSection(ProjectConfigurationPlatforms) = postSolution
		{970A3119-5998-4177-BC8C-89462DAAA9EC}.Debug|Any CPU.ActiveCfg = Debug|Any CPU
		{970A3119-5998-4177-BC8C-89462DAAA9EC}.Debug|Any CPU.Build.0 = Debug|Any CPU
		{970A3119-5998-4177-BC8C-89462DAAA9EC}.Release|Any CPU.ActiveCfg = Release|Any CPU
		{970A3119-5998-4177-BC8C-89462DAAA9EC}.Release|Any CPU.Build.0 = Release|Any CPU
	EndGlobalSection
	GlobalSection(SolutionProperties) = preSolution
		HideSolutionNode = FALSE
	EndGlobalSection
	GlobalSection(ExtensibilityGlobals) = postSolution
		SolutionGuid = {B3575075-3D9A-4E1E-9A70-3BE959C50E35}
	EndGlobalSection
EndGlobal
